{
    "version": 3,
    "terraform_version": "0.9.5",
    "serial": 0,
    "lineage": "cb895ba1-e82e-4228-997c-64d5339b671a",
    "modules": [
        {
            "path": [
                "root"
            ],
            "outputs": {},
            "resources": {
                "openstack_compute_instance_v2.etcd1": {
                    "type": "openstack_compute_instance_v2",
                    "depends_on": [
                        "openstack_compute_secgroup_v2.openshift",
                        "openstack_networking_network_v2.openshift"
                    ],
                    "primary": {
                        "id": "b06425c2-1d62-4128-9b36-4f810387e445",
                        "attributes": {
                            "access_ip_v4": "10.0.0.6",
                            "access_ip_v6": "",
                            "all_metadata.%": "0",
                            "availability_zone": "nova",
                            "flavor_id": "2",
                            "flavor_name": "m1.small",
                            "force_delete": "false",
                            "id": "b06425c2-1d62-4128-9b36-4f810387e445",
                            "image_id": "5ddc7aa2-1cd0-411b-81c3-0345ead79a1d",
                            "image_name": "centos72",
                            "name": "etcd1",
                            "network.#": "1",
                            "network.0.access_network": "false",
                            "network.0.fixed_ip_v4": "10.0.0.6",
                            "network.0.fixed_ip_v6": "",
                            "network.0.floating_ip": "",
                            "network.0.mac": "fa:16:3e:4e:b9:0d",
                            "network.0.name": "openshift",
                            "network.0.port": "",
                            "network.0.uuid": "42e6b150-bedf-4f6b-92eb-070c9a8f2402",
                            "security_groups.#": "1",
                            "security_groups.1104808571": "openshift",
                            "stop_before_destroy": "false",
                            "volume.#": "0"
                        },
                        "meta": {
                            "e2bfb730-ecaa-11e6-8f88-34363bc7c4c0": {
                                "create": 1800000000000,
                                "delete": 1800000000000,
                                "update": 1800000000000
                            }
                        },
                        "tainted": false
                    },
                    "deposed": [],
                    "provider": ""
                },
                "openstack_compute_instance_v2.etcd2": {
                    "type": "openstack_compute_instance_v2",
                    "depends_on": [
                        "openstack_compute_secgroup_v2.openshift",
                        "openstack_networking_network_v2.openshift"
                    ],
                    "primary": {
                        "id": "4b21066e-f742-409c-8a71-0c6d14e87d05",
                        "attributes": {
                            "access_ip_v4": "10.0.0.12",
                            "access_ip_v6": "",
                            "all_metadata.%": "0",
                            "availability_zone": "nova",
                            "flavor_id": "2",
                            "flavor_name": "m1.small",
                            "force_delete": "false",
                            "id": "4b21066e-f742-409c-8a71-0c6d14e87d05",
                            "image_id": "5ddc7aa2-1cd0-411b-81c3-0345ead79a1d",
                            "image_name": "centos72",
                            "name": "etcd2",
                            "network.#": "1",
                            "network.0.access_network": "false",
                            "network.0.fixed_ip_v4": "10.0.0.12",
                            "network.0.fixed_ip_v6": "",
                            "network.0.floating_ip": "",
                            "network.0.mac": "fa:16:3e:59:82:1a",
                            "network.0.name": "openshift",
                            "network.0.port": "",
                            "network.0.uuid": "42e6b150-bedf-4f6b-92eb-070c9a8f2402",
                            "security_groups.#": "1",
                            "security_groups.1104808571": "openshift",
                            "stop_before_destroy": "false",
                            "volume.#": "0"
                        },
                        "meta": {
                            "e2bfb730-ecaa-11e6-8f88-34363bc7c4c0": {
                                "create": 1800000000000,
                                "delete": 1800000000000,
                                "update": 1800000000000
                            }
                        },
                        "tainted": false
                    },
                    "deposed": [],
                    "provider": ""
                },
                "openstack_compute_instance_v2.etcd3": {
                    "type": "openstack_compute_instance_v2",
                    "depends_on": [
                        "openstack_compute_secgroup_v2.openshift",
                        "openstack_networking_network_v2.openshift"
                    ],
                    "primary": {
                        "id": "50999162-25fb-4799-b280-5ae62761f44c",
                        "attributes": {
                            "access_ip_v4": "10.0.0.11",
                            "access_ip_v6": "",
                            "all_metadata.%": "0",
                            "availability_zone": "nova",
                            "flavor_id": "2",
                            "flavor_name": "m1.small",
                            "force_delete": "false",
                            "id": "50999162-25fb-4799-b280-5ae62761f44c",
                            "image_id": "5ddc7aa2-1cd0-411b-81c3-0345ead79a1d",
                            "image_name": "centos72",
                            "name": "etcd3",
                            "network.#": "1",
                            "network.0.access_network": "false",
                            "network.0.fixed_ip_v4": "10.0.0.11",
                            "network.0.fixed_ip_v6": "",
                            "network.0.floating_ip": "",
                            "network.0.mac": "fa:16:3e:e0:70:64",
                            "network.0.name": "openshift",
                            "network.0.port": "",
                            "network.0.uuid": "42e6b150-bedf-4f6b-92eb-070c9a8f2402",
                            "security_groups.#": "1",
                            "security_groups.1104808571": "openshift",
                            "stop_before_destroy": "false",
                            "volume.#": "0"
                        },
                        "meta": {
                            "e2bfb730-ecaa-11e6-8f88-34363bc7c4c0": {
                                "create": 1800000000000,
                                "delete": 1800000000000,
                                "update": 1800000000000
                            }
                        },
                        "tainted": false
                    },
                    "deposed": [],
                    "provider": ""
                },
                "openstack_compute_secgroup_v2.openshift": {
                    "type": "openstack_compute_secgroup_v2",
                    "depends_on": [],
                    "primary": {
                        "id": "b3f92435-5842-40a8-bf85-9eae525c8c63",
                        "attributes": {
                            "description": "Security group for OpenShift instances",
                            "id": "b3f92435-5842-40a8-bf85-9eae525c8c63",
                            "name": "openshift",
                            "region": "",
                            "rule.#": "15",
                            "rule.123017518.cidr": "0.0.0.0/0",
                            "rule.123017518.from_group_id": "",
                            "rule.123017518.from_port": "2380",
                            "rule.123017518.id": "5c2c1d2c-f97a-458f-87a7-304fd8f197c3",
                            "rule.123017518.ip_protocol": "tcp",
                            "rule.123017518.self": "false",
                            "rule.123017518.to_port": "2380",
                            "rule.1614186191.cidr": "0.0.0.0/0",
                            "rule.1614186191.from_group_id": "",
                            "rule.1614186191.from_port": "8443",
                            "rule.1614186191.id": "70c9eb30-5108-4671-a5bf-e071f2f2a3ce",
                            "rule.1614186191.ip_protocol": "tcp",
                            "rule.1614186191.self": "false",
                            "rule.1614186191.to_port": "8443",
                            "rule.1933698866.cidr": "0.0.0.0/0",
                            "rule.1933698866.from_group_id": "",
                            "rule.1933698866.from_port": "1936",
                            "rule.1933698866.id": "a079e36a-8129-4b22-8e20-f305798d9428",
                            "rule.1933698866.ip_protocol": "tcp",
                            "rule.1933698866.self": "false",
                            "rule.1933698866.to_port": "1936",
                            "rule.2180185248.cidr": "0.0.0.0/0",
                            "rule.2180185248.from_group_id": "",
                            "rule.2180185248.from_port": "-1",
                            "rule.2180185248.id": "a4ddf6f5-9e42-41a4-acd8-8fe951827110",
                            "rule.2180185248.ip_protocol": "icmp",
                            "rule.2180185248.self": "false",
                            "rule.2180185248.to_port": "-1",
                            "rule.2284518423.cidr": "0.0.0.0/0",
                            "rule.2284518423.from_group_id": "",
                            "rule.2284518423.from_port": "8053",
                            "rule.2284518423.id": "768eb8d6-e231-4229-9de4-eca6649149b0",
                            "rule.2284518423.ip_protocol": "tcp",
                            "rule.2284518423.self": "false",
                            "rule.2284518423.to_port": "8053",
                            "rule.2306919399.cidr": "0.0.0.0/0",
                            "rule.2306919399.from_group_id": "",
                            "rule.2306919399.from_port": "4001",
                            "rule.2306919399.id": "9170ff04-abc8-4665-bc62-e1aafe998bc0",
                            "rule.2306919399.ip_protocol": "tcp",
                            "rule.2306919399.self": "false",
                            "rule.2306919399.to_port": "4001",
                            "rule.2927435184.cidr": "0.0.0.0/0",
                            "rule.2927435184.from_group_id": "",
                            "rule.2927435184.from_port": "53",
                            "rule.2927435184.id": "458100f5-00cb-4749-ac0e-3b3d893bbca4",
                            "rule.2927435184.ip_protocol": "tcp",
                            "rule.2927435184.self": "false",
                            "rule.2927435184.to_port": "53",
                            "rule.3211544828.cidr": "0.0.0.0/0",
                            "rule.3211544828.from_group_id": "",
                            "rule.3211544828.from_port": "443",
                            "rule.3211544828.id": "c0272c2a-75f1-4b68-8381-4f9facb7aea0",
                            "rule.3211544828.ip_protocol": "tcp",
                            "rule.3211544828.self": "false",
                            "rule.3211544828.to_port": "443",
                            "rule.3504552125.cidr": "0.0.0.0/0",
                            "rule.3504552125.from_group_id": "",
                            "rule.3504552125.from_port": "53",
                            "rule.3504552125.id": "bc7b53cb-dde7-4552-bd8d-20350df5d667",
                            "rule.3504552125.ip_protocol": "udp",
                            "rule.3504552125.self": "false",
                            "rule.3504552125.to_port": "53",
                            "rule.3719211069.cidr": "0.0.0.0/0",
                            "rule.3719211069.from_group_id": "",
                            "rule.3719211069.from_port": "80",
                            "rule.3719211069.id": "64cd48f6-aeca-444c-8387-34109aa955fd",
                            "rule.3719211069.ip_protocol": "tcp",
                            "rule.3719211069.self": "false",
                            "rule.3719211069.to_port": "80",
                            "rule.4114684850.cidr": "0.0.0.0/0",
                            "rule.4114684850.from_group_id": "",
                            "rule.4114684850.from_port": "10250",
                            "rule.4114684850.id": "7c38e024-64fb-4255-afca-aecfc639f90e",
                            "rule.4114684850.ip_protocol": "tcp",
                            "rule.4114684850.self": "false",
                            "rule.4114684850.to_port": "10250",
                            "rule.4139047194.cidr": "0.0.0.0/0",
                            "rule.4139047194.from_group_id": "",
                            "rule.4139047194.from_port": "8053",
                            "rule.4139047194.id": "e3846a93-33f7-4a56-9190-463333befa91",
                            "rule.4139047194.ip_protocol": "udp",
                            "rule.4139047194.self": "false",
                            "rule.4139047194.to_port": "8053",
                            "rule.4255902120.cidr": "0.0.0.0/0",
                            "rule.4255902120.from_group_id": "",
                            "rule.4255902120.from_port": "4789",
                            "rule.4255902120.id": "f73c82b9-7c0c-4908-a442-ee8101f8c0e4",
                            "rule.4255902120.ip_protocol": "udp",
                            "rule.4255902120.self": "false",
                            "rule.4255902120.to_port": "4789",
                            "rule.791307007.cidr": "0.0.0.0/0",
                            "rule.791307007.from_group_id": "",
                            "rule.791307007.from_port": "2379",
                            "rule.791307007.id": "bf9a0653-f58f-4737-a181-dab75a1a97bf",
                            "rule.791307007.ip_protocol": "tcp",
                            "rule.791307007.self": "false",
                            "rule.791307007.to_port": "2379",
                            "rule.836640770.cidr": "0.0.0.0/0",
                            "rule.836640770.from_group_id": "",
                            "rule.836640770.from_port": "22",
                            "rule.836640770.id": "eee1bf80-9a56-421c-8ca1-637de5d5716e",
                            "rule.836640770.ip_protocol": "tcp",
                            "rule.836640770.self": "false",
                            "rule.836640770.to_port": "22"
                        },
                        "meta": {
                            "e2bfb730-ecaa-11e6-8f88-34363bc7c4c0": {
                                "delete": 600000000000
                            }
                        },
                        "tainted": false
                    },
                    "deposed": [],
                    "provider": ""
                },
                "openstack_networking_network_v2.openshift": {
                    "type": "openstack_networking_network_v2",
                    "depends_on": [],
                    "primary": {
                        "id": "42e6b150-bedf-4f6b-92eb-070c9a8f2402",
                        "attributes": {
                            "admin_state_up": "true",
                            "id": "42e6b150-bedf-4f6b-92eb-070c9a8f2402",
                            "name": "openshift",
                            "region": "",
                            "shared": "false",
                            "tenant_id": "62a9077fab1e44d2ae1d89b3ca890c9d"
                        },
                        "meta": {
                            "e2bfb730-ecaa-11e6-8f88-34363bc7c4c0": {
                                "create": 600000000000,
                                "delete": 600000000000
                            }
                        },
                        "tainted": false
                    },
                    "deposed": [],
                    "provider": ""
                },
                "openstack_networking_subnet_v2.openshift": {
                    "type": "openstack_networking_subnet_v2",
                    "depends_on": [
                        "openstack_networking_network_v2.openshift"
                    ],
                    "primary": {
                        "id": "bb384f4a-01ca-466b-9144-36c36571911d",
                        "attributes": {
                            "allocation_pools.#": "1",
                            "allocation_pools.0.end": "10.0.0.254",
                            "allocation_pools.0.start": "10.0.0.2",
                            "cidr": "10.0.0.0/24",
                            "dns_nameservers.#": "2",
                            "dns_nameservers.3811298194": "8.8.4.4",
                            "dns_nameservers.3817307869": "8.8.8.8",
                            "enable_dhcp": "true",
                            "gateway_ip": "10.0.0.1",
                            "host_routes.#": "0",
                            "id": "bb384f4a-01ca-466b-9144-36c36571911d",
                            "ip_version": "4",
                            "name": "openshift",
                            "network_id": "42e6b150-bedf-4f6b-92eb-070c9a8f2402",
                            "region": "",
                            "tenant_id": "62a9077fab1e44d2ae1d89b3ca890c9d"
                        },
                        "meta": {
                            "e2bfb730-ecaa-11e6-8f88-34363bc7c4c0": {
                                "create": 600000000000,
                                "delete": 600000000000
                            }
                        },
                        "tainted": false
                    },
                    "deposed": [],
                    "provider": ""
                }
            },
            "depends_on": []
        }
    ]
}
