{
    "version": 3,
    "terraform_version": "0.9.5",
    "serial": 17,
    "lineage": "cb895ba1-e82e-4228-997c-64d5339b671a",
    "modules": [
        {
            "path": [
                "root"
            ],
            "outputs": {},
            "resources": {
                "openstack_blockstorage_volume_v2.volume1": {
                    "type": "openstack_blockstorage_volume_v2",
                    "depends_on": [],
                    "primary": {
                        "id": "11415de7-bb88-46aa-9845-2851a8c172c3",
                        "attributes": {
                            "attachment.#": "0",
                            "availability_zone": "nova",
                            "description": "master1 docker storage volume",
                            "id": "11415de7-bb88-46aa-9845-2851a8c172c3",
                            "metadata.%": "0",
                            "name": "master1",
                            "region": "RegionOne",
                            "size": "10",
                            "snapshot_id": "",
                            "source_vol_id": "",
                            "volume_type": ""
                        },
                        "meta": {
                            "e2bfb730-ecaa-11e6-8f88-34363bc7c4c0": {
                                "create": 600000000000,
                                "delete": 600000000000
                            }
                        },
                        "tainted": false
                    },
                    "deposed": [],
                    "provider": ""
                },
                "openstack_blockstorage_volume_v2.volume2": {
                    "type": "openstack_blockstorage_volume_v2",
                    "depends_on": [],
                    "primary": {
                        "id": "b327920d-5a07-4b2c-a5ca-1cd741fdcb0a",
                        "attributes": {
                            "attachment.#": "0",
                            "availability_zone": "nova",
                            "description": "node1 docker storage volume",
                            "id": "b327920d-5a07-4b2c-a5ca-1cd741fdcb0a",
                            "metadata.%": "0",
                            "name": "node1",
                            "region": "RegionOne",
                            "size": "10",
                            "snapshot_id": "",
                            "source_vol_id": "",
                            "volume_type": ""
                        },
                        "meta": {
                            "e2bfb730-ecaa-11e6-8f88-34363bc7c4c0": {
                                "create": 600000000000,
                                "delete": 600000000000
                            }
                        },
                        "tainted": false
                    },
                    "deposed": [],
                    "provider": ""
                },
                "openstack_blockstorage_volume_v2.volume3": {
                    "type": "openstack_blockstorage_volume_v2",
                    "depends_on": [],
                    "primary": {
                        "id": "85581ee5-9308-44ce-a887-3fd65b5914af",
                        "attributes": {
                            "attachment.#": "0",
                            "availability_zone": "nova",
                            "description": "node2 docker storage volume",
                            "id": "85581ee5-9308-44ce-a887-3fd65b5914af",
                            "metadata.%": "0",
                            "name": "node2",
                            "region": "RegionOne",
                            "size": "10",
                            "snapshot_id": "",
                            "source_vol_id": "",
                            "volume_type": ""
                        },
                        "meta": {
                            "e2bfb730-ecaa-11e6-8f88-34363bc7c4c0": {
                                "create": 600000000000,
                                "delete": 600000000000
                            }
                        },
                        "tainted": false
                    },
                    "deposed": [],
                    "provider": ""
                },
                "openstack_compute_instance_v2.HAProxy": {
                    "type": "openstack_compute_instance_v2",
                    "depends_on": [
                        "openstack_compute_secgroup_v2.openshift"
                    ],
                    "primary": {
                        "id": "85348d5a-55b3-4b0c-9a1b-8aad18586d6b",
                        "attributes": {
                            "access_ip_v4": "10.238.121.6",
                            "access_ip_v6": "",
                            "all_metadata.%": "0",
                            "availability_zone": "nova",
                            "flavor_id": "2",
                            "flavor_name": "m1.small",
                            "force_delete": "false",
                            "id": "85348d5a-55b3-4b0c-9a1b-8aad18586d6b",
                            "image_id": "5ddc7aa2-1cd0-411b-81c3-0345ead79a1d",
                            "image_name": "centos72",
                            "key_pair": "default",
                            "name": "HAProxy",
                            "network.#": "1",
                            "network.0.access_network": "false",
                            "network.0.fixed_ip_v4": "10.238.121.6",
                            "network.0.fixed_ip_v6": "",
                            "network.0.floating_ip": "",
                            "network.0.mac": "fa:16:3e:a6:bb:25",
                            "network.0.name": "public",
                            "network.0.port": "",
                            "network.0.uuid": "14de1aeb-355a-4042-b3aa-69abf48187fb",
                            "security_groups.#": "1",
                            "security_groups.1104808571": "openshift",
                            "stop_before_destroy": "false",
                            "user_data": "0e3af96a1aa8514c50df8c3e9c6f5080194024a2",
                            "volume.#": "0"
                        },
                        "meta": {
                            "e2bfb730-ecaa-11e6-8f88-34363bc7c4c0": {
                                "create": 1800000000000,
                                "delete": 1800000000000,
                                "update": 1800000000000
                            }
                        },
                        "tainted": false
                    },
                    "deposed": [],
                    "provider": ""
                },
                "openstack_compute_instance_v2.ansible": {
                    "type": "openstack_compute_instance_v2",
                    "depends_on": [
                        "openstack_compute_secgroup_v2.openshift"
                    ],
                    "primary": {
                        "id": "f036cdc9-8baa-44e5-acb8-19a9ca7d9b58",
                        "attributes": {
                            "access_ip_v4": "10.238.121.14",
                            "access_ip_v6": "",
                            "all_metadata.%": "0",
                            "availability_zone": "nova",
                            "flavor_id": "2",
                            "flavor_name": "m1.small",
                            "force_delete": "false",
                            "id": "f036cdc9-8baa-44e5-acb8-19a9ca7d9b58",
                            "image_id": "5ddc7aa2-1cd0-411b-81c3-0345ead79a1d",
                            "image_name": "centos72",
                            "key_pair": "default",
                            "name": "ansible",
                            "network.#": "1",
                            "network.0.access_network": "false",
                            "network.0.fixed_ip_v4": "10.238.121.14",
                            "network.0.fixed_ip_v6": "",
                            "network.0.floating_ip": "",
                            "network.0.mac": "fa:16:3e:f5:c1:67",
                            "network.0.name": "public",
                            "network.0.port": "",
                            "network.0.uuid": "14de1aeb-355a-4042-b3aa-69abf48187fb",
                            "security_groups.#": "1",
                            "security_groups.1104808571": "openshift",
                            "stop_before_destroy": "false",
                            "user_data": "0e3af96a1aa8514c50df8c3e9c6f5080194024a2",
                            "volume.#": "0"
                        },
                        "meta": {
                            "e2bfb730-ecaa-11e6-8f88-34363bc7c4c0": {
                                "create": 1800000000000,
                                "delete": 1800000000000,
                                "update": 1800000000000
                            }
                        },
                        "tainted": false
                    },
                    "deposed": [],
                    "provider": ""
                },
                "openstack_compute_instance_v2.etcd1": {
                    "type": "openstack_compute_instance_v2",
                    "depends_on": [
                        "openstack_compute_secgroup_v2.openshift"
                    ],
                    "primary": {
                        "id": "38132e30-f7cb-40c2-b91c-2329a057a98f",
                        "attributes": {
                            "access_ip_v4": "10.238.121.10",
                            "access_ip_v6": "",
                            "all_metadata.%": "0",
                            "availability_zone": "nova",
                            "flavor_id": "2",
                            "flavor_name": "m1.small",
                            "force_delete": "false",
                            "id": "38132e30-f7cb-40c2-b91c-2329a057a98f",
                            "image_id": "5ddc7aa2-1cd0-411b-81c3-0345ead79a1d",
                            "image_name": "centos72",
                            "key_pair": "default",
                            "name": "etcd1",
                            "network.#": "1",
                            "network.0.access_network": "false",
                            "network.0.fixed_ip_v4": "10.238.121.10",
                            "network.0.fixed_ip_v6": "",
                            "network.0.floating_ip": "",
                            "network.0.mac": "fa:16:3e:c0:21:cf",
                            "network.0.name": "public",
                            "network.0.port": "",
                            "network.0.uuid": "14de1aeb-355a-4042-b3aa-69abf48187fb",
                            "security_groups.#": "1",
                            "security_groups.1104808571": "openshift",
                            "stop_before_destroy": "false",
                            "user_data": "0e3af96a1aa8514c50df8c3e9c6f5080194024a2",
                            "volume.#": "0"
                        },
                        "meta": {
                            "e2bfb730-ecaa-11e6-8f88-34363bc7c4c0": {
                                "create": 1800000000000,
                                "delete": 1800000000000,
                                "update": 1800000000000
                            }
                        },
                        "tainted": false
                    },
                    "deposed": [],
                    "provider": ""
                },
                "openstack_compute_instance_v2.etcd2": {
                    "type": "openstack_compute_instance_v2",
                    "depends_on": [
                        "openstack_compute_secgroup_v2.openshift"
                    ],
                    "primary": {
                        "id": "1997d521-7a76-4f6f-ab5d-150c15927d04",
                        "attributes": {
                            "access_ip_v4": "10.238.121.3",
                            "access_ip_v6": "",
                            "all_metadata.%": "0",
                            "availability_zone": "nova",
                            "flavor_id": "2",
                            "flavor_name": "m1.small",
                            "force_delete": "false",
                            "id": "1997d521-7a76-4f6f-ab5d-150c15927d04",
                            "image_id": "5ddc7aa2-1cd0-411b-81c3-0345ead79a1d",
                            "image_name": "centos72",
                            "key_pair": "default",
                            "name": "etcd2",
                            "network.#": "1",
                            "network.0.access_network": "false",
                            "network.0.fixed_ip_v4": "10.238.121.3",
                            "network.0.fixed_ip_v6": "",
                            "network.0.floating_ip": "",
                            "network.0.mac": "fa:16:3e:b4:f3:0e",
                            "network.0.name": "public",
                            "network.0.port": "",
                            "network.0.uuid": "14de1aeb-355a-4042-b3aa-69abf48187fb",
                            "security_groups.#": "1",
                            "security_groups.1104808571": "openshift",
                            "stop_before_destroy": "false",
                            "user_data": "0e3af96a1aa8514c50df8c3e9c6f5080194024a2",
                            "volume.#": "0"
                        },
                        "meta": {
                            "e2bfb730-ecaa-11e6-8f88-34363bc7c4c0": {
                                "create": 1800000000000,
                                "delete": 1800000000000,
                                "update": 1800000000000
                            }
                        },
                        "tainted": false
                    },
                    "deposed": [],
                    "provider": ""
                },
                "openstack_compute_instance_v2.etcd3": {
                    "type": "openstack_compute_instance_v2",
                    "depends_on": [
                        "openstack_compute_secgroup_v2.openshift"
                    ],
                    "primary": {
                        "id": "1890a395-351f-41e6-995d-61d0dc1f13f4",
                        "attributes": {
                            "access_ip_v4": "10.238.121.18",
                            "access_ip_v6": "",
                            "all_metadata.%": "0",
                            "availability_zone": "nova",
                            "flavor_id": "2",
                            "flavor_name": "m1.small",
                            "force_delete": "false",
                            "id": "1890a395-351f-41e6-995d-61d0dc1f13f4",
                            "image_id": "5ddc7aa2-1cd0-411b-81c3-0345ead79a1d",
                            "image_name": "centos72",
                            "key_pair": "default",
                            "name": "etcd3",
                            "network.#": "1",
                            "network.0.access_network": "false",
                            "network.0.fixed_ip_v4": "10.238.121.18",
                            "network.0.fixed_ip_v6": "",
                            "network.0.floating_ip": "",
                            "network.0.mac": "fa:16:3e:94:ad:93",
                            "network.0.name": "public",
                            "network.0.port": "",
                            "network.0.uuid": "14de1aeb-355a-4042-b3aa-69abf48187fb",
                            "security_groups.#": "1",
                            "security_groups.1104808571": "openshift",
                            "stop_before_destroy": "false",
                            "user_data": "0e3af96a1aa8514c50df8c3e9c6f5080194024a2",
                            "volume.#": "0"
                        },
                        "meta": {
                            "e2bfb730-ecaa-11e6-8f88-34363bc7c4c0": {
                                "create": 1800000000000,
                                "delete": 1800000000000,
                                "update": 1800000000000
                            }
                        },
                        "tainted": false
                    },
                    "deposed": [],
                    "provider": ""
                },
                "openstack_compute_instance_v2.master1": {
                    "type": "openstack_compute_instance_v2",
                    "depends_on": [
                        "openstack_compute_secgroup_v2.openshift"
                    ],
                    "primary": {
                        "id": "1a7dd7f0-6e31-4987-8b97-4109a89156cb",
                        "attributes": {
                            "access_ip_v4": "10.238.121.11",
                            "access_ip_v6": "",
                            "all_metadata.%": "0",
                            "availability_zone": "nova",
                            "flavor_id": "2",
                            "flavor_name": "m1.small",
                            "force_delete": "false",
                            "id": "1a7dd7f0-6e31-4987-8b97-4109a89156cb",
                            "image_id": "5ddc7aa2-1cd0-411b-81c3-0345ead79a1d",
                            "image_name": "centos72",
                            "key_pair": "default",
                            "name": "master1",
                            "network.#": "1",
                            "network.0.access_network": "false",
                            "network.0.fixed_ip_v4": "10.238.121.11",
                            "network.0.fixed_ip_v6": "",
                            "network.0.floating_ip": "",
                            "network.0.mac": "fa:16:3e:b0:65:81",
                            "network.0.name": "public",
                            "network.0.port": "",
                            "network.0.uuid": "14de1aeb-355a-4042-b3aa-69abf48187fb",
                            "security_groups.#": "1",
                            "security_groups.1104808571": "openshift",
                            "stop_before_destroy": "false",
                            "user_data": "0e3af96a1aa8514c50df8c3e9c6f5080194024a2",
                            "volume.#": "0"
                        },
                        "meta": {
                            "e2bfb730-ecaa-11e6-8f88-34363bc7c4c0": {
                                "create": 1800000000000,
                                "delete": 1800000000000,
                                "update": 1800000000000
                            }
                        },
                        "tainted": false
                    },
                    "deposed": [],
                    "provider": ""
                },
                "openstack_compute_instance_v2.master2": {
                    "type": "openstack_compute_instance_v2",
                    "depends_on": [
                        "openstack_compute_secgroup_v2.openshift"
                    ],
                    "primary": {
                        "id": "706f1bbe-f233-43fb-9f46-22c3cdba0752",
                        "attributes": {
                            "access_ip_v4": "10.238.121.12",
                            "access_ip_v6": "",
                            "all_metadata.%": "0",
                            "availability_zone": "nova",
                            "flavor_id": "2",
                            "flavor_name": "m1.small",
                            "force_delete": "false",
                            "id": "706f1bbe-f233-43fb-9f46-22c3cdba0752",
                            "image_id": "5ddc7aa2-1cd0-411b-81c3-0345ead79a1d",
                            "image_name": "centos72",
                            "key_pair": "default",
                            "name": "master2",
                            "network.#": "1",
                            "network.0.access_network": "false",
                            "network.0.fixed_ip_v4": "10.238.121.12",
                            "network.0.fixed_ip_v6": "",
                            "network.0.floating_ip": "",
                            "network.0.mac": "fa:16:3e:95:60:fe",
                            "network.0.name": "public",
                            "network.0.port": "",
                            "network.0.uuid": "14de1aeb-355a-4042-b3aa-69abf48187fb",
                            "security_groups.#": "1",
                            "security_groups.1104808571": "openshift",
                            "stop_before_destroy": "false",
                            "user_data": "0e3af96a1aa8514c50df8c3e9c6f5080194024a2",
                            "volume.#": "0"
                        },
                        "meta": {
                            "e2bfb730-ecaa-11e6-8f88-34363bc7c4c0": {
                                "create": 1800000000000,
                                "delete": 1800000000000,
                                "update": 1800000000000
                            }
                        },
                        "tainted": false
                    },
                    "deposed": [],
                    "provider": ""
                },
                "openstack_compute_instance_v2.master3": {
                    "type": "openstack_compute_instance_v2",
                    "depends_on": [
                        "openstack_compute_secgroup_v2.openshift"
                    ],
                    "primary": {
                        "id": "c43a0bc0-0f32-4950-97da-458b1511298e",
                        "attributes": {
                            "access_ip_v4": "10.238.121.19",
                            "access_ip_v6": "",
                            "all_metadata.%": "0",
                            "availability_zone": "nova",
                            "flavor_id": "2",
                            "flavor_name": "m1.small",
                            "force_delete": "false",
                            "id": "c43a0bc0-0f32-4950-97da-458b1511298e",
                            "image_id": "5ddc7aa2-1cd0-411b-81c3-0345ead79a1d",
                            "image_name": "centos72",
                            "key_pair": "default",
                            "name": "master3",
                            "network.#": "1",
                            "network.0.access_network": "false",
                            "network.0.fixed_ip_v4": "10.238.121.19",
                            "network.0.fixed_ip_v6": "",
                            "network.0.floating_ip": "",
                            "network.0.mac": "fa:16:3e:41:b1:d1",
                            "network.0.name": "public",
                            "network.0.port": "",
                            "network.0.uuid": "14de1aeb-355a-4042-b3aa-69abf48187fb",
                            "security_groups.#": "1",
                            "security_groups.1104808571": "openshift",
                            "stop_before_destroy": "false",
                            "user_data": "0e3af96a1aa8514c50df8c3e9c6f5080194024a2",
                            "volume.#": "0"
                        },
                        "meta": {
                            "e2bfb730-ecaa-11e6-8f88-34363bc7c4c0": {
                                "create": 1800000000000,
                                "delete": 1800000000000,
                                "update": 1800000000000
                            }
                        },
                        "tainted": false
                    },
                    "deposed": [],
                    "provider": ""
                },
                "openstack_compute_instance_v2.nfsshare": {
                    "type": "openstack_compute_instance_v2",
                    "depends_on": [
                        "openstack_compute_secgroup_v2.openshift"
                    ],
                    "primary": {
                        "id": "68587a05-2642-4948-acfb-bb04ab8037af",
                        "attributes": {
                            "access_ip_v4": "10.238.121.15",
                            "access_ip_v6": "",
                            "all_metadata.%": "0",
                            "availability_zone": "nova",
                            "flavor_id": "2",
                            "flavor_name": "m1.small",
                            "force_delete": "false",
                            "id": "68587a05-2642-4948-acfb-bb04ab8037af",
                            "image_id": "5ddc7aa2-1cd0-411b-81c3-0345ead79a1d",
                            "image_name": "centos72",
                            "key_pair": "default",
                            "name": "nfsshare",
                            "network.#": "1",
                            "network.0.access_network": "false",
                            "network.0.fixed_ip_v4": "10.238.121.15",
                            "network.0.fixed_ip_v6": "",
                            "network.0.floating_ip": "",
                            "network.0.mac": "fa:16:3e:3e:6f:65",
                            "network.0.name": "public",
                            "network.0.port": "",
                            "network.0.uuid": "14de1aeb-355a-4042-b3aa-69abf48187fb",
                            "security_groups.#": "1",
                            "security_groups.1104808571": "openshift",
                            "stop_before_destroy": "false",
                            "user_data": "0e3af96a1aa8514c50df8c3e9c6f5080194024a2",
                            "volume.#": "0"
                        },
                        "meta": {
                            "e2bfb730-ecaa-11e6-8f88-34363bc7c4c0": {
                                "create": 1800000000000,
                                "delete": 1800000000000,
                                "update": 1800000000000
                            }
                        },
                        "tainted": false
                    },
                    "deposed": [],
                    "provider": ""
                },
                "openstack_compute_instance_v2.node1": {
                    "type": "openstack_compute_instance_v2",
                    "depends_on": [
                        "openstack_compute_secgroup_v2.openshift"
                    ],
                    "primary": {
                        "id": "dd3991c1-40ab-49c6-ab09-fd1ecffa146e",
                        "attributes": {
                            "access_ip_v4": "10.238.121.4",
                            "access_ip_v6": "",
                            "all_metadata.%": "0",
                            "availability_zone": "nova",
                            "flavor_id": "2",
                            "flavor_name": "m1.small",
                            "force_delete": "false",
                            "id": "dd3991c1-40ab-49c6-ab09-fd1ecffa146e",
                            "image_id": "5ddc7aa2-1cd0-411b-81c3-0345ead79a1d",
                            "image_name": "centos72",
                            "key_pair": "default",
                            "name": "node1",
                            "network.#": "1",
                            "network.0.access_network": "false",
                            "network.0.fixed_ip_v4": "10.238.121.4",
                            "network.0.fixed_ip_v6": "",
                            "network.0.floating_ip": "",
                            "network.0.mac": "fa:16:3e:81:99:a4",
                            "network.0.name": "public",
                            "network.0.port": "",
                            "network.0.uuid": "14de1aeb-355a-4042-b3aa-69abf48187fb",
                            "security_groups.#": "1",
                            "security_groups.1104808571": "openshift",
                            "stop_before_destroy": "false",
                            "user_data": "0e3af96a1aa8514c50df8c3e9c6f5080194024a2",
                            "volume.#": "0"
                        },
                        "meta": {
                            "e2bfb730-ecaa-11e6-8f88-34363bc7c4c0": {
                                "create": 1800000000000,
                                "delete": 1800000000000,
                                "update": 1800000000000
                            }
                        },
                        "tainted": false
                    },
                    "deposed": [],
                    "provider": ""
                },
                "openstack_compute_instance_v2.node2": {
                    "type": "openstack_compute_instance_v2",
                    "depends_on": [
                        "openstack_compute_secgroup_v2.openshift"
                    ],
                    "primary": {
                        "id": "8e42d0b2-5b93-417f-92d7-00748e64701b",
                        "attributes": {
                            "access_ip_v4": "10.238.121.17",
                            "access_ip_v6": "",
                            "all_metadata.%": "0",
                            "availability_zone": "nova",
                            "flavor_id": "2",
                            "flavor_name": "m1.small",
                            "force_delete": "false",
                            "id": "8e42d0b2-5b93-417f-92d7-00748e64701b",
                            "image_id": "5ddc7aa2-1cd0-411b-81c3-0345ead79a1d",
                            "image_name": "centos72",
                            "key_pair": "default",
                            "name": "node2",
                            "network.#": "1",
                            "network.0.access_network": "false",
                            "network.0.fixed_ip_v4": "10.238.121.17",
                            "network.0.fixed_ip_v6": "",
                            "network.0.floating_ip": "",
                            "network.0.mac": "fa:16:3e:45:7e:6e",
                            "network.0.name": "public",
                            "network.0.port": "",
                            "network.0.uuid": "14de1aeb-355a-4042-b3aa-69abf48187fb",
                            "security_groups.#": "1",
                            "security_groups.1104808571": "openshift",
                            "stop_before_destroy": "false",
                            "user_data": "0e3af96a1aa8514c50df8c3e9c6f5080194024a2",
                            "volume.#": "0"
                        },
                        "meta": {
                            "e2bfb730-ecaa-11e6-8f88-34363bc7c4c0": {
                                "create": 1800000000000,
                                "delete": 1800000000000,
                                "update": 1800000000000
                            }
                        },
                        "tainted": false
                    },
                    "deposed": [],
                    "provider": ""
                },
                "openstack_compute_secgroup_v2.openshift": {
                    "type": "openstack_compute_secgroup_v2",
                    "depends_on": [],
                    "primary": {
                        "id": "64954c53-502d-4221-aedd-56a220bc79ed",
                        "attributes": {
                            "description": "Security group for OpenShift instances",
                            "id": "64954c53-502d-4221-aedd-56a220bc79ed",
                            "name": "openshift",
                            "region": "",
                            "rule.#": "15",
                            "rule.123017518.cidr": "0.0.0.0/0",
                            "rule.123017518.from_group_id": "",
                            "rule.123017518.from_port": "2380",
                            "rule.123017518.id": "b71bf06e-3e52-45f0-9bd5-865ea431f3b0",
                            "rule.123017518.ip_protocol": "tcp",
                            "rule.123017518.self": "false",
                            "rule.123017518.to_port": "2380",
                            "rule.1614186191.cidr": "0.0.0.0/0",
                            "rule.1614186191.from_group_id": "",
                            "rule.1614186191.from_port": "8443",
                            "rule.1614186191.id": "015a4319-4af0-4183-9c8a-152b4f27845d",
                            "rule.1614186191.ip_protocol": "tcp",
                            "rule.1614186191.self": "false",
                            "rule.1614186191.to_port": "8443",
                            "rule.1933698866.cidr": "0.0.0.0/0",
                            "rule.1933698866.from_group_id": "",
                            "rule.1933698866.from_port": "1936",
                            "rule.1933698866.id": "89baa3e3-e137-4257-9ada-fc8a886bd98a",
                            "rule.1933698866.ip_protocol": "tcp",
                            "rule.1933698866.self": "false",
                            "rule.1933698866.to_port": "1936",
                            "rule.2180185248.cidr": "0.0.0.0/0",
                            "rule.2180185248.from_group_id": "",
                            "rule.2180185248.from_port": "-1",
                            "rule.2180185248.id": "ea7c9840-de2d-405b-af43-5d0b82c61a25",
                            "rule.2180185248.ip_protocol": "icmp",
                            "rule.2180185248.self": "false",
                            "rule.2180185248.to_port": "-1",
                            "rule.2284518423.cidr": "0.0.0.0/0",
                            "rule.2284518423.from_group_id": "",
                            "rule.2284518423.from_port": "8053",
                            "rule.2284518423.id": "ada2229a-f278-4b5e-b4d9-d54a78c1247a",
                            "rule.2284518423.ip_protocol": "tcp",
                            "rule.2284518423.self": "false",
                            "rule.2284518423.to_port": "8053",
                            "rule.2306919399.cidr": "0.0.0.0/0",
                            "rule.2306919399.from_group_id": "",
                            "rule.2306919399.from_port": "4001",
                            "rule.2306919399.id": "b5ea7da6-762a-4ff1-9754-9a0c902e7288",
                            "rule.2306919399.ip_protocol": "tcp",
                            "rule.2306919399.self": "false",
                            "rule.2306919399.to_port": "4001",
                            "rule.2927435184.cidr": "0.0.0.0/0",
                            "rule.2927435184.from_group_id": "",
                            "rule.2927435184.from_port": "53",
                            "rule.2927435184.id": "d8235b66-d8bf-433e-b53f-d54bbb8d36ce",
                            "rule.2927435184.ip_protocol": "tcp",
                            "rule.2927435184.self": "false",
                            "rule.2927435184.to_port": "53",
                            "rule.3211544828.cidr": "0.0.0.0/0",
                            "rule.3211544828.from_group_id": "",
                            "rule.3211544828.from_port": "443",
                            "rule.3211544828.id": "a4029672-2865-4309-bfa1-6273974f4a78",
                            "rule.3211544828.ip_protocol": "tcp",
                            "rule.3211544828.self": "false",
                            "rule.3211544828.to_port": "443",
                            "rule.3504552125.cidr": "0.0.0.0/0",
                            "rule.3504552125.from_group_id": "",
                            "rule.3504552125.from_port": "53",
                            "rule.3504552125.id": "fc6ba664-b47d-4bde-b451-ad4066edc911",
                            "rule.3504552125.ip_protocol": "udp",
                            "rule.3504552125.self": "false",
                            "rule.3504552125.to_port": "53",
                            "rule.3719211069.cidr": "0.0.0.0/0",
                            "rule.3719211069.from_group_id": "",
                            "rule.3719211069.from_port": "80",
                            "rule.3719211069.id": "377df077-b170-44e5-bc84-ad739106405a",
                            "rule.3719211069.ip_protocol": "tcp",
                            "rule.3719211069.self": "false",
                            "rule.3719211069.to_port": "80",
                            "rule.4114684850.cidr": "0.0.0.0/0",
                            "rule.4114684850.from_group_id": "",
                            "rule.4114684850.from_port": "10250",
                            "rule.4114684850.id": "4a02778e-06e8-4c23-a1bd-4ccf4a01019f",
                            "rule.4114684850.ip_protocol": "tcp",
                            "rule.4114684850.self": "false",
                            "rule.4114684850.to_port": "10250",
                            "rule.4139047194.cidr": "0.0.0.0/0",
                            "rule.4139047194.from_group_id": "",
                            "rule.4139047194.from_port": "8053",
                            "rule.4139047194.id": "f0ce45c6-64b1-4e19-8af5-681e536b1165",
                            "rule.4139047194.ip_protocol": "udp",
                            "rule.4139047194.self": "false",
                            "rule.4139047194.to_port": "8053",
                            "rule.4255902120.cidr": "0.0.0.0/0",
                            "rule.4255902120.from_group_id": "",
                            "rule.4255902120.from_port": "4789",
                            "rule.4255902120.id": "efc23364-9e23-42cd-95b2-ad4cd71df727",
                            "rule.4255902120.ip_protocol": "udp",
                            "rule.4255902120.self": "false",
                            "rule.4255902120.to_port": "4789",
                            "rule.791307007.cidr": "0.0.0.0/0",
                            "rule.791307007.from_group_id": "",
                            "rule.791307007.from_port": "2379",
                            "rule.791307007.id": "b54ca8f3-c956-45fa-ad79-a07eb4fa5e49",
                            "rule.791307007.ip_protocol": "tcp",
                            "rule.791307007.self": "false",
                            "rule.791307007.to_port": "2379",
                            "rule.836640770.cidr": "0.0.0.0/0",
                            "rule.836640770.from_group_id": "",
                            "rule.836640770.from_port": "22",
                            "rule.836640770.id": "7b135d4b-6128-4c87-9587-31f6d21ead0f",
                            "rule.836640770.ip_protocol": "tcp",
                            "rule.836640770.self": "false",
                            "rule.836640770.to_port": "22"
                        },
                        "meta": {
                            "e2bfb730-ecaa-11e6-8f88-34363bc7c4c0": {
                                "delete": 600000000000
                            }
                        },
                        "tainted": false
                    },
                    "deposed": [],
                    "provider": ""
                },
                "openstack_compute_volume_attach_v2.mv_1": {
                    "type": "openstack_compute_volume_attach_v2",
                    "depends_on": [
                        "openstack_blockstorage_volume_v2.volume1",
                        "openstack_compute_instance_v2.master1"
                    ],
                    "primary": {
                        "id": "1a7dd7f0-6e31-4987-8b97-4109a89156cb/11415de7-bb88-46aa-9845-2851a8c172c3",
                        "attributes": {
                            "device": "/dev/vdb",
                            "id": "1a7dd7f0-6e31-4987-8b97-4109a89156cb/11415de7-bb88-46aa-9845-2851a8c172c3",
                            "instance_id": "1a7dd7f0-6e31-4987-8b97-4109a89156cb",
                            "region": "",
                            "volume_id": "11415de7-bb88-46aa-9845-2851a8c172c3"
                        },
                        "meta": {
                            "e2bfb730-ecaa-11e6-8f88-34363bc7c4c0": {
                                "create": 600000000000,
                                "delete": 600000000000
                            }
                        },
                        "tainted": false
                    },
                    "deposed": [],
                    "provider": ""
                },
                "openstack_compute_volume_attach_v2.mv_2": {
                    "type": "openstack_compute_volume_attach_v2",
                    "depends_on": [
                        "openstack_blockstorage_volume_v2.volume2",
                        "openstack_compute_instance_v2.node1"
                    ],
                    "primary": {
                        "id": "dd3991c1-40ab-49c6-ab09-fd1ecffa146e/b327920d-5a07-4b2c-a5ca-1cd741fdcb0a",
                        "attributes": {
                            "device": "/dev/vdb",
                            "id": "dd3991c1-40ab-49c6-ab09-fd1ecffa146e/b327920d-5a07-4b2c-a5ca-1cd741fdcb0a",
                            "instance_id": "dd3991c1-40ab-49c6-ab09-fd1ecffa146e",
                            "region": "",
                            "volume_id": "b327920d-5a07-4b2c-a5ca-1cd741fdcb0a"
                        },
                        "meta": {
                            "e2bfb730-ecaa-11e6-8f88-34363bc7c4c0": {
                                "create": 600000000000,
                                "delete": 600000000000
                            }
                        },
                        "tainted": false
                    },
                    "deposed": [],
                    "provider": ""
                },
                "openstack_compute_volume_attach_v2.mv_3": {
                    "type": "openstack_compute_volume_attach_v2",
                    "depends_on": [
                        "openstack_blockstorage_volume_v2.volume3",
                        "openstack_compute_instance_v2.node2"
                    ],
                    "primary": {
                        "id": "8e42d0b2-5b93-417f-92d7-00748e64701b/85581ee5-9308-44ce-a887-3fd65b5914af",
                        "attributes": {
                            "device": "/dev/vdb",
                            "id": "8e42d0b2-5b93-417f-92d7-00748e64701b/85581ee5-9308-44ce-a887-3fd65b5914af",
                            "instance_id": "8e42d0b2-5b93-417f-92d7-00748e64701b",
                            "region": "",
                            "volume_id": "85581ee5-9308-44ce-a887-3fd65b5914af"
                        },
                        "meta": {
                            "e2bfb730-ecaa-11e6-8f88-34363bc7c4c0": {
                                "create": 600000000000,
                                "delete": 600000000000
                            }
                        },
                        "tainted": false
                    },
                    "deposed": [],
                    "provider": ""
                }
            },
            "depends_on": []
        }
    ]
}
