{
    "version": 3,
    "terraform_version": "0.9.5",
    "serial": 27,
    "lineage": "cb895ba1-e82e-4228-997c-64d5339b671a",
    "modules": [
        {
            "path": [
                "root"
            ],
            "outputs": {},
            "resources": {
                "openstack_compute_secgroup_v2.openshift": {
                    "type": "openstack_compute_secgroup_v2",
                    "depends_on": [],
                    "primary": {
                        "id": "2c7172f5-6060-4e73-b8d2-a7f6b47e067d",
                        "attributes": {
                            "description": "Security group for OpenShift instances",
                            "id": "2c7172f5-6060-4e73-b8d2-a7f6b47e067d",
                            "name": "openshift",
                            "region": "",
                            "rule.#": "15",
                            "rule.123017518.cidr": "0.0.0.0/0",
                            "rule.123017518.from_group_id": "",
                            "rule.123017518.from_port": "2380",
                            "rule.123017518.id": "4293b44e-40cf-4e91-9bf9-7a6305cf1847",
                            "rule.123017518.ip_protocol": "tcp",
                            "rule.123017518.self": "false",
                            "rule.123017518.to_port": "2380",
                            "rule.1614186191.cidr": "0.0.0.0/0",
                            "rule.1614186191.from_group_id": "",
                            "rule.1614186191.from_port": "8443",
                            "rule.1614186191.id": "5fcec517-e41b-4917-8ef1-84deced6a6a6",
                            "rule.1614186191.ip_protocol": "tcp",
                            "rule.1614186191.self": "false",
                            "rule.1614186191.to_port": "8443",
                            "rule.1933698866.cidr": "0.0.0.0/0",
                            "rule.1933698866.from_group_id": "",
                            "rule.1933698866.from_port": "1936",
                            "rule.1933698866.id": "1e5b2ca7-0479-49d0-b48b-d211d84e8ca0",
                            "rule.1933698866.ip_protocol": "tcp",
                            "rule.1933698866.self": "false",
                            "rule.1933698866.to_port": "1936",
                            "rule.2180185248.cidr": "0.0.0.0/0",
                            "rule.2180185248.from_group_id": "",
                            "rule.2180185248.from_port": "-1",
                            "rule.2180185248.id": "6325626e-1551-49e9-a377-35acac99b37e",
                            "rule.2180185248.ip_protocol": "icmp",
                            "rule.2180185248.self": "false",
                            "rule.2180185248.to_port": "-1",
                            "rule.2284518423.cidr": "0.0.0.0/0",
                            "rule.2284518423.from_group_id": "",
                            "rule.2284518423.from_port": "8053",
                            "rule.2284518423.id": "99833dc7-29d5-44c0-b461-e3b541cf8025",
                            "rule.2284518423.ip_protocol": "tcp",
                            "rule.2284518423.self": "false",
                            "rule.2284518423.to_port": "8053",
                            "rule.2306919399.cidr": "0.0.0.0/0",
                            "rule.2306919399.from_group_id": "",
                            "rule.2306919399.from_port": "4001",
                            "rule.2306919399.id": "eb304b50-843e-45e4-be18-66e7db7303b6",
                            "rule.2306919399.ip_protocol": "tcp",
                            "rule.2306919399.self": "false",
                            "rule.2306919399.to_port": "4001",
                            "rule.2927435184.cidr": "0.0.0.0/0",
                            "rule.2927435184.from_group_id": "",
                            "rule.2927435184.from_port": "53",
                            "rule.2927435184.id": "95a937e9-1255-41aa-aa05-cac84fdff181",
                            "rule.2927435184.ip_protocol": "tcp",
                            "rule.2927435184.self": "false",
                            "rule.2927435184.to_port": "53",
                            "rule.3211544828.cidr": "0.0.0.0/0",
                            "rule.3211544828.from_group_id": "",
                            "rule.3211544828.from_port": "443",
                            "rule.3211544828.id": "4acd6c2b-095a-4289-819d-0b3c9a46d421",
                            "rule.3211544828.ip_protocol": "tcp",
                            "rule.3211544828.self": "false",
                            "rule.3211544828.to_port": "443",
                            "rule.3504552125.cidr": "0.0.0.0/0",
                            "rule.3504552125.from_group_id": "",
                            "rule.3504552125.from_port": "53",
                            "rule.3504552125.id": "f0160d3b-7d7f-4267-8952-7a83c81040cf",
                            "rule.3504552125.ip_protocol": "udp",
                            "rule.3504552125.self": "false",
                            "rule.3504552125.to_port": "53",
                            "rule.3719211069.cidr": "0.0.0.0/0",
                            "rule.3719211069.from_group_id": "",
                            "rule.3719211069.from_port": "80",
                            "rule.3719211069.id": "99d55cb9-3df5-4cb7-ac71-f2d8d755cbfe",
                            "rule.3719211069.ip_protocol": "tcp",
                            "rule.3719211069.self": "false",
                            "rule.3719211069.to_port": "80",
                            "rule.4114684850.cidr": "0.0.0.0/0",
                            "rule.4114684850.from_group_id": "",
                            "rule.4114684850.from_port": "10250",
                            "rule.4114684850.id": "8f9d690a-78ef-4c3d-a461-36b6d5a3dc16",
                            "rule.4114684850.ip_protocol": "tcp",
                            "rule.4114684850.self": "false",
                            "rule.4114684850.to_port": "10250",
                            "rule.4139047194.cidr": "0.0.0.0/0",
                            "rule.4139047194.from_group_id": "",
                            "rule.4139047194.from_port": "8053",
                            "rule.4139047194.id": "81f4621c-a3f8-4a57-a8b0-e427003a4382",
                            "rule.4139047194.ip_protocol": "udp",
                            "rule.4139047194.self": "false",
                            "rule.4139047194.to_port": "8053",
                            "rule.4255902120.cidr": "0.0.0.0/0",
                            "rule.4255902120.from_group_id": "",
                            "rule.4255902120.from_port": "4789",
                            "rule.4255902120.id": "3cf325c6-81fd-4a40-a4be-a4b55b048d4c",
                            "rule.4255902120.ip_protocol": "udp",
                            "rule.4255902120.self": "false",
                            "rule.4255902120.to_port": "4789",
                            "rule.791307007.cidr": "0.0.0.0/0",
                            "rule.791307007.from_group_id": "",
                            "rule.791307007.from_port": "2379",
                            "rule.791307007.id": "771dee64-b58b-47c7-94d8-27c679543b74",
                            "rule.791307007.ip_protocol": "tcp",
                            "rule.791307007.self": "false",
                            "rule.791307007.to_port": "2379",
                            "rule.836640770.cidr": "0.0.0.0/0",
                            "rule.836640770.from_group_id": "",
                            "rule.836640770.from_port": "22",
                            "rule.836640770.id": "efc901ce-4182-4e18-94cc-9f123fb98ea7",
                            "rule.836640770.ip_protocol": "tcp",
                            "rule.836640770.self": "false",
                            "rule.836640770.to_port": "22"
                        },
                        "meta": {},
                        "tainted": false
                    },
                    "deposed": [],
                    "provider": ""
                }
            },
            "depends_on": []
        }
    ]
}
